
Microsoft Visual Studio Solution File, Format Version 12.00
# Visual Studio 2013
VisualStudioVersion = 12.0.30723.0
MinimumVisualStudioVersion = 10.0.40219.1
Project("{FAE04EC0-301F-11D3-BF4B-00C04F79EFBC}") = "ClassLibrary1", "ClassLibrary1\ClassLibrary1.csproj", "{32804F57-254E-4046-95A4-581E581CC28B}"
EndProject
Global
	GlobalSection(SolutionConfigurationPlatforms) = preSolution
		Debug|Any CPU = Debug|Any CPU
		Release|Any CPU = Release|Any CPU
	EndGlobalSection
	GlobalSection(ProjectConfigurationPlatforms) = postSolution
		{32804F57-254E-4046-95A4-581E581CC28B}.Debug|Any CPU.ActiveCfg = Debug|Any CPU
		{32804F57-254E-4046-95A4-581E581CC28B}.Debug|Any CPU.Build.0 = Debug|Any CPU
		{32804F57-254E-4046-95A4-581E581CC28B}.Release|Any CPU.ActiveCfg = Release|Any CPU
		{32804F57-254E-4046-95A4-581E581CC28B}.Release|Any CPU.Build.0 = Release|Any CPU
	EndGlobalSection
	GlobalSection(SolutionProperties) = preSolution
		HideSolutionNode = FALSE
	EndGlobalSection
EndGlobal
